// !$*UTF8*$!
{
	archiveVersion = 1;
	classes = {
	};
	objectVersion = 56;
	objects = {

/* Begin PBXBuildFile section */
		215BBA332C918BEC00FDDA24 /* CardImageView.swift in Sources */ = {isa = PBXBuildFile; fileRef = 215BBA322C918BEC00FDDA24 /* CardImageView.swift */; };
		215BBA372C919DC200FDDA24 /* ExtensionsForMainView.swift in Sources */ = {isa = PBXBuildFile; fileRef = 215BBA362C919DC200FDDA24 /* ExtensionsForMainView.swift */; };
		215BBA3A2C919E6100FDDA24 /* ExtensionsForCardView.swift in Sources */ = {isa = PBXBuildFile; fileRef = 215BBA392C919E6100FDDA24 /* ExtensionsForCardView.swift */; };
		215BBA3C2C91A2C900FDDA24 /* NofavoriteProduct.swift in Sources */ = {isa = PBXBuildFile; fileRef = 215BBA3B2C91A2C900FDDA24 /* NofavoriteProduct.swift */; };
		215BBA3E2C920CE400FDDA24 /* ViewModel.swift in Sources */ = {isa = PBXBuildFile; fileRef = 215BBA3D2C920CE400FDDA24 /* ViewModel.swift */; };
		215BBA412C93ADA800FDDA24 /* DetailView.swift in Sources */ = {isa = PBXBuildFile; fileRef = 215BBA402C93ADA800FDDA24 /* DetailView.swift */; };
		215BBA442C93B21D00FDDA24 /* BackButtonView.swift in Sources */ = {isa = PBXBuildFile; fileRef = 215BBA432C93B21D00FDDA24 /* BackButtonView.swift */; };
		215BBA4A2C93BD0C00FDDA24 /* ProductViewForCart.swift in Sources */ = {isa = PBXBuildFile; fileRef = 215BBA492C93BD0C00FDDA24 /* ProductViewForCart.swift */; };
		215BBA4C2C93C1D400FDDA24 /* CartView.swift in Sources */ = {isa = PBXBuildFile; fileRef = 215BBA4B2C93C1D400FDDA24 /* CartView.swift */; };
		215BBA502C94249B00FDDA24 /* NoProductViewForCart.swift in Sources */ = {isa = PBXBuildFile; fileRef = 215BBA4F2C94249B00FDDA24 /* NoProductViewForCart.swift */; };
		215BBA522C998A1400FDDA24 /* CustomBlackButton.swift in Sources */ = {isa = PBXBuildFile; fileRef = 215BBA512C998A1400FDDA24 /* CustomBlackButton.swift */; };
		215BBA552C99FFBF00FDDA24 /* FirebaseFirestore in Frameworks */ = {isa = PBXBuildFile; productRef = 215BBA542C99FFBF00FDDA24 /* FirebaseFirestore */; };
		215BBA5B2C9A07E900FDDA24 /* ExtensionsForProductView.swift in Sources */ = {isa = PBXBuildFile; fileRef = 215BBA5A2C9A07E900FDDA24 /* ExtensionsForProductView.swift */; };
		215BBA5E2C9A096D00FDDA24 /* ExtensionsForDetailView.swift in Sources */ = {isa = PBXBuildFile; fileRef = 215BBA5D2C9A096D00FDDA24 /* ExtensionsForDetailView.swift */; };
		21DBA3792C9053D60097F8AA /* OnlineShopApp.swift in Sources */ = {isa = PBXBuildFile; fileRef = 21DBA3782C9053D60097F8AA /* OnlineShopApp.swift */; };
		21DBA37B2C9053D60097F8AA /* ContentView.swift in Sources */ = {isa = PBXBuildFile; fileRef = 21DBA37A2C9053D60097F8AA /* ContentView.swift */; };
		21DBA37D2C9053D90097F8AA /* Assets.xcassets in Resources */ = {isa = PBXBuildFile; fileRef = 21DBA37C2C9053D90097F8AA /* Assets.xcassets */; };
		21DBA3802C9053D90097F8AA /* Preview Assets.xcassets in Resources */ = {isa = PBXBuildFile; fileRef = 21DBA37F2C9053D90097F8AA /* Preview Assets.xcassets */; };
		21DBA38A2C9061AD0097F8AA /* GoogleService-Info.plist in Resources */ = {isa = PBXBuildFile; fileRef = 21DBA3892C9061AD0097F8AA /* GoogleService-Info.plist */; };
		21DBA3BB2C9064D50097F8AA /* Product.swift in Sources */ = {isa = PBXBuildFile; fileRef = 21DBA3BA2C9064D50097F8AA /* Product.swift */; };
		21DBA3C02C90740F0097F8AA /* FavoriteProducts.swift in Sources */ = {isa = PBXBuildFile; fileRef = 21DBA3BF2C90740E0097F8AA /* FavoriteProducts.swift */; };
		21DBA3C22C9075E50097F8AA /* ProductCard.swift in Sources */ = {isa = PBXBuildFile; fileRef = 21DBA3C12C9075E50097F8AA /* ProductCard.swift */; };
/* End PBXBuildFile section */

/* Begin PBXFileReference section */
		215BBA322C918BEC00FDDA24 /* CardImageView.swift */ = {isa = PBXFileReference; lastKnownFileType = sourcecode.swift; path = CardImageView.swift; sourceTree = "<group>"; };
		215BBA362C919DC200FDDA24 /* ExtensionsForMainView.swift */ = {isa = PBXFileReference; lastKnownFileType = sourcecode.swift; path = ExtensionsForMainView.swift; sourceTree = "<group>"; };
		215BBA392C919E6100FDDA24 /* ExtensionsForCardView.swift */ = {isa = PBXFileReference; lastKnownFileType = sourcecode.swift; path = ExtensionsForCardView.swift; sourceTree = "<group>"; };
		215BBA3B2C91A2C900FDDA24 /* NofavoriteProduct.swift */ = {isa = PBXFileReference; lastKnownFileType = sourcecode.swift; path = NofavoriteProduct.swift; sourceTree = "<group>"; };
		215BBA3D2C920CE400FDDA24 /* ViewModel.swift */ = {isa = PBXFileReference; lastKnownFileType = sourcecode.swift; path = ViewModel.swift; sourceTree = "<group>"; };
		215BBA402C93ADA800FDDA24 /* DetailView.swift */ = {isa = PBXFileReference; lastKnownFileType = sourcecode.swift; path = DetailView.swift; sourceTree = "<group>"; };
		215BBA432C93B21D00FDDA24 /* BackButtonView.swift */ = {isa = PBXFileReference; lastKnownFileType = sourcecode.swift; path = BackButtonView.swift; sourceTree = "<group>"; };
		215BBA492C93BD0C00FDDA24 /* ProductViewForCart.swift */ = {isa = PBXFileReference; lastKnownFileType = sourcecode.swift; path = ProductViewForCart.swift; sourceTree = "<group>"; };
		215BBA4B2C93C1D400FDDA24 /* CartView.swift */ = {isa = PBXFileReference; lastKnownFileType = sourcecode.swift; path = CartView.swift; sourceTree = "<group>"; };
		215BBA4F2C94249B00FDDA24 /* NoProductViewForCart.swift */ = {isa = PBXFileReference; lastKnownFileType = sourcecode.swift; path = NoProductViewForCart.swift; sourceTree = "<group>"; };
		215BBA512C998A1400FDDA24 /* CustomBlackButton.swift */ = {isa = PBXFileReference; lastKnownFileType = sourcecode.swift; path = CustomBlackButton.swift; sourceTree = "<group>"; };
		215BBA5A2C9A07E900FDDA24 /* ExtensionsForProductView.swift */ = {isa = PBXFileReference; lastKnownFileType = sourcecode.swift; path = ExtensionsForProductView.swift; sourceTree = "<group>"; };
		215BBA5D2C9A096D00FDDA24 /* ExtensionsForDetailView.swift */ = {isa = PBXFileReference; lastKnownFileType = sourcecode.swift; path = ExtensionsForDetailView.swift; sourceTree = "<group>"; };
		21DBA3752C9053D60097F8AA /* OnlineShop.app */ = {isa = PBXFileReference; explicitFileType = wrapper.application; includeInIndex = 0; path = OnlineShop.app; sourceTree = BUILT_PRODUCTS_DIR; };
		21DBA3782C9053D60097F8AA /* OnlineShopApp.swift */ = {isa = PBXFileReference; lastKnownFileType = sourcecode.swift; path = OnlineShopApp.swift; sourceTree = "<group>"; };
		21DBA37A2C9053D60097F8AA /* ContentView.swift */ = {isa = PBXFileReference; lastKnownFileType = sourcecode.swift; path = ContentView.swift; sourceTree = "<group>"; };
		21DBA37C2C9053D90097F8AA /* Assets.xcassets */ = {isa = PBXFileReference; lastKnownFileType = folder.assetcatalog; path = Assets.xcassets; sourceTree = "<group>"; };
		21DBA37F2C9053D90097F8AA /* Preview Assets.xcassets */ = {isa = PBXFileReference; lastKnownFileType = folder.assetcatalog; path = "Preview Assets.xcassets"; sourceTree = "<group>"; };
		21DBA3892C9061AD0097F8AA /* GoogleService-Info.plist */ = {isa = PBXFileReference; fileEncoding = 4; lastKnownFileType = text.plist.xml; path = "GoogleService-Info.plist"; sourceTree = "<group>"; };
		21DBA3BA2C9064D50097F8AA /* Product.swift */ = {isa = PBXFileReference; lastKnownFileType = sourcecode.swift; path = Product.swift; sourceTree = "<group>"; };
		21DBA3BF2C90740E0097F8AA /* FavoriteProducts.swift */ = {isa = PBXFileReference; lastKnownFileType = sourcecode.swift; path = FavoriteProducts.swift; sourceTree = "<group>"; };
		21DBA3C12C9075E50097F8AA /* ProductCard.swift */ = {isa = PBXFileReference; lastKnownFileType = sourcecode.swift; path = ProductCard.swift; sourceTree = "<group>"; };
/* End PBXFileReference section */

/* Begin PBXFrameworksBuildPhase section */
		21DBA3722C9053D60097F8AA /* Frameworks */ = {
			isa = PBXFrameworksBuildPhase;
			buildActionMask = 2147483647;
			files = (
				215BBA552C99FFBF00FDDA24 /* FirebaseFirestore in Frameworks */,
			);
			runOnlyForDeploymentPostprocessing = 0;
		};
/* End PBXFrameworksBuildPhase section */

/* Begin PBXGroup section */
		215BBA382C919DFE00FDDA24 /* Extensions */ = {
			isa = PBXGroup;
			children = (
				215BBA362C919DC200FDDA24 /* ExtensionsForMainView.swift */,
				215BBA5D2C9A096D00FDDA24 /* ExtensionsForDetailView.swift */,
				215BBA392C919E6100FDDA24 /* ExtensionsForCardView.swift */,
				215BBA5A2C9A07E900FDDA24 /* ExtensionsForProductView.swift */,
			);
			path = Extensions;
			sourceTree = "<group>";
		};
		215BBA422C93B20E00FDDA24 /* Components */ = {
			isa = PBXGroup;
			children = (
				215BBA322C918BEC00FDDA24 /* CardImageView.swift */,
				21DBA3C12C9075E50097F8AA /* ProductCard.swift */,
				215BBA432C93B21D00FDDA24 /* BackButtonView.swift */,
				215BBA512C998A1400FDDA24 /* CustomBlackButton.swift */,
			);
			path = Components;
			sourceTree = "<group>";
		};
		215BBA452C93B6E700FDDA24 /* FavoriteScreen */ = {
			isa = PBXGroup;
			children = (
				21DBA3BF2C90740E0097F8AA /* FavoriteProducts.swift */,
				215BBA3B2C91A2C900FDDA24 /* NofavoriteProduct.swift */,
			);
			path = FavoriteScreen;
			sourceTree = "<group>";
		};
		215BBA462C93B71E00FDDA24 /* MainView */ = {
			isa = PBXGroup;
			children = (
				21DBA37A2C9053D60097F8AA /* ContentView.swift */,
			);
			path = MainView;
			sourceTree = "<group>";
		};
		215BBA482C93B79900FDDA24 /* CartView */ = {
			isa = PBXGroup;
			children = (
				215BBA4B2C93C1D400FDDA24 /* CartView.swift */,
				215BBA492C93BD0C00FDDA24 /* ProductViewForCart.swift */,
				215BBA4F2C94249B00FDDA24 /* NoProductViewForCart.swift */,
			);
			path = CartView;
			sourceTree = "<group>";
		};
		215BBA5C2C9A08E500FDDA24 /* DetailView */ = {
			isa = PBXGroup;
			children = (
				215BBA402C93ADA800FDDA24 /* DetailView.swift */,
			);
			path = DetailView;
			sourceTree = "<group>";
		};
		21DBA36C2C9053D60097F8AA = {
			isa = PBXGroup;
			children = (
				21DBA3772C9053D60097F8AA /* OnlineShop */,
				21DBA3762C9053D60097F8AA /* Products */,
				21DBA3BC2C9068270097F8AA /* Frameworks */,
			);
			sourceTree = "<group>";
		};
		21DBA3762C9053D60097F8AA /* Products */ = {
			isa = PBXGroup;
			children = (
				21DBA3752C9053D60097F8AA /* OnlineShop.app */,
			);
			name = Products;
			sourceTree = "<group>";
		};
		21DBA3772C9053D60097F8AA /* OnlineShop */ = {
			isa = PBXGroup;
			children = (
				21DBA3782C9053D60097F8AA /* OnlineShopApp.swift */,
				21DBA3882C90540D0097F8AA /* Model */,
				21DBA3872C9054050097F8AA /* Views */,
				21DBA3862C9053FE0097F8AA /* ViewModel */,
				215BBA5C2C9A08E500FDDA24 /* DetailView */,
				215BBA382C919DFE00FDDA24 /* Extensions */,
				215BBA422C93B20E00FDDA24 /* Components */,
				21DBA3892C9061AD0097F8AA /* GoogleService-Info.plist */,
				21DBA37C2C9053D90097F8AA /* Assets.xcassets */,
				21DBA37E2C9053D90097F8AA /* Preview Content */,
			);
			path = OnlineShop;
			sourceTree = "<group>";
		};
		21DBA37E2C9053D90097F8AA /* Preview Content */ = {
			isa = PBXGroup;
			children = (
				21DBA37F2C9053D90097F8AA /* Preview Assets.xcassets */,
			);
			path = "Preview Content";
			sourceTree = "<group>";
		};
		21DBA3862C9053FE0097F8AA /* ViewModel */ = {
			isa = PBXGroup;
			children = (
				215BBA3D2C920CE400FDDA24 /* ViewModel.swift */,
			);
			path = ViewModel;
			sourceTree = "<group>";
		};
		21DBA3872C9054050097F8AA /* Views */ = {
			isa = PBXGroup;
			children = (
				215BBA462C93B71E00FDDA24 /* MainView */,
				215BBA482C93B79900FDDA24 /* CartView */,
				215BBA452C93B6E700FDDA24 /* FavoriteScreen */,
			);
			path = Views;
			sourceTree = "<group>";
		};
		21DBA3882C90540D0097F8AA /* Model */ = {
			isa = PBXGroup;
			children = (
				21DBA3BA2C9064D50097F8AA /* Product.swift */,
			);
			path = Model;
			sourceTree = "<group>";
		};
		21DBA3BC2C9068270097F8AA /* Frameworks */ = {
			isa = PBXGroup;
			children = (
			);
			name = Frameworks;
			sourceTree = "<group>";
		};
/* End PBXGroup section */

/* Begin PBXNativeTarget section */
		21DBA3742C9053D60097F8AA /* OnlineShop */ = {
			isa = PBXNativeTarget;
			buildConfigurationList = 21DBA3832C9053D90097F8AA /* Build configuration list for PBXNativeTarget "OnlineShop" */;
			buildPhases = (
				21DBA3712C9053D60097F8AA /* Sources */,
				21DBA3722C9053D60097F8AA /* Frameworks */,
				21DBA3732C9053D60097F8AA /* Resources */,
			);
			buildRules = (
			);
			dependencies = (
			);
			name = OnlineShop;
			packageProductDependencies = (
				215BBA542C99FFBF00FDDA24 /* FirebaseFirestore */,
			);
			productName = OnlineShop;
			productReference = 21DBA3752C9053D60097F8AA /* OnlineShop.app */;
			productType = "com.apple.product-type.application";
		};
/* End PBXNativeTarget section */

/* Begin PBXProject section */
		21DBA36D2C9053D60097F8AA /* Project object */ = {
			isa = PBXProject;
			attributes = {
				BuildIndependentTargetsInParallel = 1;
				LastSwiftUpdateCheck = 1540;
				LastUpgradeCheck = 1540;
				TargetAttributes = {
					21DBA3742C9053D60097F8AA = {
						CreatedOnToolsVersion = 15.4;
					};
				};
			};
			buildConfigurationList = 21DBA3702C9053D60097F8AA /* Build configuration list for PBXProject "OnlineShop" */;
			compatibilityVersion = "Xcode 14.0";
			developmentRegion = en;
			hasScannedForEncodings = 0;
			knownRegions = (
				en,
				Base,
			);
			mainGroup = 21DBA36C2C9053D60097F8AA;
			packageReferences = (
				215BBA532C99FF8500FDDA24 /* XCRemoteSwiftPackageReference "firebase-ios-sdk" */,
			);
			productRefGroup = 21DBA3762C9053D60097F8AA /* Products */;
			projectDirPath = "";
			projectRoot = "";
			targets = (
				21DBA3742C9053D60097F8AA /* OnlineShop */,
			);
		};
/* End PBXProject section */

/* Begin PBXResourcesBuildPhase section */
		21DBA3732C9053D60097F8AA /* Resources */ = {
			isa = PBXResourcesBuildPhase;
			buildActionMask = 2147483647;
			files = (
				21DBA3802C9053D90097F8AA /* Preview Assets.xcassets in Resources */,
				21DBA37D2C9053D90097F8AA /* Assets.xcassets in Resources */,
				21DBA38A2C9061AD0097F8AA /* GoogleService-Info.plist in Resources */,
			);
			runOnlyForDeploymentPostprocessing = 0;
		};
/* End PBXResourcesBuildPhase section */

/* Begin PBXSourcesBuildPhase section */
		21DBA3712C9053D60097F8AA /* Sources */ = {
			isa = PBXSourcesBuildPhase;
			buildActionMask = 2147483647;
			files = (
				215BBA372C919DC200FDDA24 /* ExtensionsForMainView.swift in Sources */,
				215BBA412C93ADA800FDDA24 /* DetailView.swift in Sources */,
				215BBA502C94249B00FDDA24 /* NoProductViewForCart.swift in Sources */,
				215BBA442C93B21D00FDDA24 /* BackButtonView.swift in Sources */,
				215BBA5B2C9A07E900FDDA24 /* ExtensionsForProductView.swift in Sources */,
				21DBA3C02C90740F0097F8AA /* FavoriteProducts.swift in Sources */,
				215BBA3C2C91A2C900FDDA24 /* NofavoriteProduct.swift in Sources */,
				215BBA522C998A1400FDDA24 /* CustomBlackButton.swift in Sources */,
				215BBA3E2C920CE400FDDA24 /* ViewModel.swift in Sources */,
				215BBA5E2C9A096D00FDDA24 /* ExtensionsForDetailView.swift in Sources */,
				215BBA332C918BEC00FDDA24 /* CardImageView.swift in Sources */,
				21DBA37B2C9053D60097F8AA /* ContentView.swift in Sources */,
				215BBA4C2C93C1D400FDDA24 /* CartView.swift in Sources */,
				21DBA3792C9053D60097F8AA /* OnlineShopApp.swift in Sources */,
				21DBA3BB2C9064D50097F8AA /* Product.swift in Sources */,
				215BBA4A2C93BD0C00FDDA24 /* ProductViewForCart.swift in Sources */,
				21DBA3C22C9075E50097F8AA /* ProductCard.swift in Sources */,
				215BBA3A2C919E6100FDDA24 /* ExtensionsForCardView.swift in Sources */,
			);
			runOnlyForDeploymentPostprocessing = 0;
		};
/* End PBXSourcesBuildPhase section */

/* Begin XCBuildConfiguration section */
		21DBA3812C9053D90097F8AA /* Debug */ = {
			isa = XCBuildConfiguration;
			buildSettings = {
				ALWAYS_SEARCH_USER_PATHS = NO;
				ASSETCATALOG_COMPILER_GENERATE_SWIFT_ASSET_SYMBOL_EXTENSIONS = YES;
				CLANG_ANALYZER_NONNULL = YES;
				CLANG_ANALYZER_NUMBER_OBJECT_CONVERSION = YES_AGGRESSIVE;
				CLANG_CXX_LANGUAGE_STANDARD = "gnu++20";
				CLANG_ENABLE_MODULES = YES;
				CLANG_ENABLE_OBJC_ARC = YES;
				CLANG_ENABLE_OBJC_WEAK = YES;
				CLANG_WARN_BLOCK_CAPTURE_AUTORELEASING = YES;
				CLANG_WARN_BOOL_CONVERSION = YES;
				CLANG_WARN_COMMA = YES;
				CLANG_WARN_CONSTANT_CONVERSION = YES;
				CLANG_WARN_DEPRECATED_OBJC_IMPLEMENTATIONS = YES;
				CLANG_WARN_DIRECT_OBJC_ISA_USAGE = YES_ERROR;
				CLANG_WARN_DOCUMENTATION_COMMENTS = YES;
				CLANG_WARN_EMPTY_BODY = YES;
				CLANG_WARN_ENUM_CONVERSION = YES;
				CLANG_WARN_INFINITE_RECURSION = YES;
				CLANG_WARN_INT_CONVERSION = YES;
				CLANG_WARN_NON_LITERAL_NULL_CONVERSION = YES;
				CLANG_WARN_OBJC_IMPLICIT_RETAIN_SELF = YES;
				CLANG_WARN_OBJC_LITERAL_CONVERSION = YES;
				CLANG_WARN_OBJC_ROOT_CLASS = YES_ERROR;
				CLANG_WARN_QUOTED_INCLUDE_IN_FRAMEWORK_HEADER = YES;
				CLANG_WARN_RANGE_LOOP_ANALYSIS = YES;
				CLANG_WARN_STRICT_PROTOTYPES = YES;
				CLANG_WARN_SUSPICIOUS_MOVE = YES;
				CLANG_WARN_UNGUARDED_AVAILABILITY = YES_AGGRESSIVE;
				CLANG_WARN_UNREACHABLE_CODE = YES;
				CLANG_WARN__DUPLICATE_METHOD_MATCH = YES;
				COPY_PHASE_STRIP = NO;
				DEBUG_INFORMATION_FORMAT = dwarf;
				ENABLE_STRICT_OBJC_MSGSEND = YES;
				ENABLE_TESTABILITY = YES;
				ENABLE_USER_SCRIPT_SANDBOXING = YES;
				GCC_C_LANGUAGE_STANDARD = gnu17;
				GCC_DYNAMIC_NO_PIC = NO;
				GCC_NO_COMMON_BLOCKS = YES;
				GCC_OPTIMIZATION_LEVEL = 0;
				GCC_PREPROCESSOR_DEFINITIONS = (
					"DEBUG=1",
					"$(inherited)",
				);
				GCC_WARN_64_TO_32_BIT_CONVERSION = YES;
				GCC_WARN_ABOUT_RETURN_TYPE = YES_ERROR;
				GCC_WARN_UNDECLARED_SELECTOR = YES;
				GCC_WARN_UNINITIALIZED_AUTOS = YES_AGGRESSIVE;
				GCC_WARN_UNUSED_FUNCTION = YES;
				GCC_WARN_UNUSED_VARIABLE = YES;
				IPHONEOS_DEPLOYMENT_TARGET = 17.5;
				LOCALIZATION_PREFERS_STRING_CATALOGS = YES;
				MTL_ENABLE_DEBUG_INFO = INCLUDE_SOURCE;
				MTL_FAST_MATH = YES;
				ONLY_ACTIVE_ARCH = YES;
				SDKROOT = iphoneos;
				SWIFT_ACTIVE_COMPILATION_CONDITIONS = "DEBUG $(inherited)";
				SWIFT_OPTIMIZATION_LEVEL = "-Onone";
			};
			name = Debug;
		};
		21DBA3822C9053D90097F8AA /* Release */ = {
			isa = XCBuildConfiguration;
			buildSettings = {
				ALWAYS_SEARCH_USER_PATHS = NO;
				ASSETCATALOG_COMPILER_GENERATE_SWIFT_ASSET_SYMBOL_EXTENSIONS = YES;
				CLANG_ANALYZER_NONNULL = YES;
				CLANG_ANALYZER_NUMBER_OBJECT_CONVERSION = YES_AGGRESSIVE;
				CLANG_CXX_LANGUAGE_STANDARD = "gnu++20";
				CLANG_ENABLE_MODULES = YES;
				CLANG_ENABLE_OBJC_ARC = YES;
				CLANG_ENABLE_OBJC_WEAK = YES;
				CLANG_WARN_BLOCK_CAPTURE_AUTORELEASING = YES;
				CLANG_WARN_BOOL_CONVERSION = YES;
				CLANG_WARN_COMMA = YES;
				CLANG_WARN_CONSTANT_CONVERSION = YES;
				CLANG_WARN_DEPRECATED_OBJC_IMPLEMENTATIONS = YES;
				CLANG_WARN_DIRECT_OBJC_ISA_USAGE = YES_ERROR;
				CLANG_WARN_DOCUMENTATION_COMMENTS = YES;
				CLANG_WARN_EMPTY_BODY = YES;
				CLANG_WARN_ENUM_CONVERSION = YES;
				CLANG_WARN_INFINITE_RECURSION = YES;
				CLANG_WARN_INT_CONVERSION = YES;
				CLANG_WARN_NON_LITERAL_NULL_CONVERSION = YES;
				CLANG_WARN_OBJC_IMPLICIT_RETAIN_SELF = YES;
				CLANG_WARN_OBJC_LITERAL_CONVERSION = YES;
				CLANG_WARN_OBJC_ROOT_CLASS = YES_ERROR;
				CLANG_WARN_QUOTED_INCLUDE_IN_FRAMEWORK_HEADER = YES;
				CLANG_WARN_RANGE_LOOP_ANALYSIS = YES;
				CLANG_WARN_STRICT_PROTOTYPES = YES;
				CLANG_WARN_SUSPICIOUS_MOVE = YES;
				CLANG_WARN_UNGUARDED_AVAILABILITY = YES_AGGRESSIVE;
				CLANG_WARN_UNREACHABLE_CODE = YES;
				CLANG_WARN__DUPLICATE_METHOD_MATCH = YES;
				COPY_PHASE_STRIP = NO;
				DEBUG_INFORMATION_FORMAT = "dwarf-with-dsym";
				ENABLE_NS_ASSERTIONS = NO;
				ENABLE_STRICT_OBJC_MSGSEND = YES;
				ENABLE_USER_SCRIPT_SANDBOXING = YES;
				GCC_C_LANGUAGE_STANDARD = gnu17;
				GCC_NO_COMMON_BLOCKS = YES;
				GCC_WARN_64_TO_32_BIT_CONVERSION = YES;
				GCC_WARN_ABOUT_RETURN_TYPE = YES_ERROR;
				GCC_WARN_UNDECLARED_SELECTOR = YES;
				GCC_WARN_UNINITIALIZED_AUTOS = YES_AGGRESSIVE;
				GCC_WARN_UNUSED_FUNCTION = YES;
				GCC_WARN_UNUSED_VARIABLE = YES;
				IPHONEOS_DEPLOYMENT_TARGET = 17.5;
				LOCALIZATION_PREFERS_STRING_CATALOGS = YES;
				MTL_ENABLE_DEBUG_INFO = NO;
				MTL_FAST_MATH = YES;
				SDKROOT = iphoneos;
				SWIFT_COMPILATION_MODE = wholemodule;
				VALIDATE_PRODUCT = YES;
			};
			name = Release;
		};
		21DBA3842C9053D90097F8AA /* Debug */ = {
			isa = XCBuildConfiguration;
			buildSettings = {
				ASSETCATALOG_COMPILER_APPICON_NAME = AppIcon;
				ASSETCATALOG_COMPILER_GLOBAL_ACCENT_COLOR_NAME = AccentColor;
				CODE_SIGN_STYLE = Automatic;
				CURRENT_PROJECT_VERSION = 1;
				DEVELOPMENT_ASSET_PATHS = "\"OnlineShop/Preview Content\"";
				DEVELOPMENT_TEAM = 74A6F279YB;
				ENABLE_PREVIEWS = YES;
				GENERATE_INFOPLIST_FILE = YES;
				INFOPLIST_KEY_UIApplicationSceneManifest_Generation = YES;
				INFOPLIST_KEY_UIApplicationSupportsIndirectInputEvents = YES;
				INFOPLIST_KEY_UILaunchScreen_Generation = YES;
				INFOPLIST_KEY_UISupportedInterfaceOrientations_iPad = "UIInterfaceOrientationPortrait UIInterfaceOrientationPortraitUpsideDown UIInterfaceOrientationLandscapeLeft UIInterfaceOrientationLandscapeRight";
				INFOPLIST_KEY_UISupportedInterfaceOrientations_iPhone = "UIInterfaceOrientationPortrait UIInterfaceOrientationLandscapeLeft UIInterfaceOrientationLandscapeRight";
				LD_RUNPATH_SEARCH_PATHS = (
					"$(inherited)",
					"@executable_path/Frameworks",
				);
				MARKETING_VERSION = 1.0;
				PRODUCT_BUNDLE_IDENTIFIER = verdx.OnlineShop;
				PRODUCT_NAME = "$(TARGET_NAME)";
				SWIFT_EMIT_LOC_STRINGS = YES;
				SWIFT_VERSION = 5.0;
				TARGETED_DEVICE_FAMILY = "1,2";
			};
			name = Debug;
		};
		21DBA3852C9053D90097F8AA /* Release */ = {
			isa = XCBuildConfiguration;
			buildSettings = {
				ASSETCATALOG_COMPILER_APPICON_NAME = AppIcon;
				ASSETCATALOG_COMPILER_GLOBAL_ACCENT_COLOR_NAME = AccentColor;
				CODE_SIGN_STYLE = Automatic;
				CURRENT_PROJECT_VERSION = 1;
				DEVELOPMENT_ASSET_PATHS = "\"OnlineShop/Preview Content\"";
				DEVELOPMENT_TEAM = 74A6F279YB;
				ENABLE_PREVIEWS = YES;
				GENERATE_INFOPLIST_FILE = YES;
				INFOPLIST_KEY_UIApplicationSceneManifest_Generation = YES;
				INFOPLIST_KEY_UIApplicationSupportsIndirectInputEvents = YES;
				INFOPLIST_KEY_UILaunchScreen_Generation = YES;
				INFOPLIST_KEY_UISupportedInterfaceOrientations_iPad = "UIInterfaceOrientationPortrait UIInterfaceOrientationPortraitUpsideDown UIInterfaceOrientationLandscapeLeft UIInterfaceOrientationLandscapeRight";
				INFOPLIST_KEY_UISupportedInterfaceOrientations_iPhone = "UIInterfaceOrientationPortrait UIInterfaceOrientationLandscapeLeft UIInterfaceOrientationLandscapeRight";
				LD_RUNPATH_SEARCH_PATHS = (
					"$(inherited)",
					"@executable_path/Frameworks",
				);
				MARKETING_VERSION = 1.0;
				PRODUCT_BUNDLE_IDENTIFIER = verdx.OnlineShop;
				PRODUCT_NAME = "$(TARGET_NAME)";
				SWIFT_EMIT_LOC_STRINGS = YES;
				SWIFT_VERSION = 5.0;
				TARGETED_DEVICE_FAMILY = "1,2";
			};
			name = Release;
		};
/* End XCBuildConfiguration section */

/* Begin XCConfigurationList section */
		21DBA3702C9053D60097F8AA /* Build configuration list for PBXProject "OnlineShop" */ = {
			isa = XCConfigurationList;
			buildConfigurations = (
				21DBA3812C9053D90097F8AA /* Debug */,
				21DBA3822C9053D90097F8AA /* Release */,
			);
			defaultConfigurationIsVisible = 0;
			defaultConfigurationName = Release;
		};
		21DBA3832C9053D90097F8AA /* Build configuration list for PBXNativeTarget "OnlineShop" */ = {
			isa = XCConfigurationList;
			buildConfigurations = (
				21DBA3842C9053D90097F8AA /* Debug */,
				21DBA3852C9053D90097F8AA /* Release */,
			);
			defaultConfigurationIsVisible = 0;
			defaultConfigurationName = Release;
		};
/* End XCConfigurationList section */

/* Begin XCRemoteSwiftPackageReference section */
		215BBA532C99FF8500FDDA24 /* XCRemoteSwiftPackageReference "firebase-ios-sdk" */ = {
			isa = XCRemoteSwiftPackageReference;
			repositoryURL = "https://github.com/firebase/firebase-ios-sdk";
			requirement = {
				kind = upToNextMajorVersion;
				minimumVersion = 11.2.0;
			};
		};
/* End XCRemoteSwiftPackageReference section */

/* Begin XCSwiftPackageProductDependency section */
		215BBA542C99FFBF00FDDA24 /* FirebaseFirestore */ = {
			isa = XCSwiftPackageProductDependency;
			package = 215BBA532C99FF8500FDDA24 /* XCRemoteSwiftPackageReference "firebase-ios-sdk" */;
			productName = FirebaseFirestore;
		};
/* End XCSwiftPackageProductDependency section */
	};
	rootObject = 21DBA36D2C9053D60097F8AA /* Project object */;
}
